
Microsoft Visual Studio Solution File, Format Version 12.00
# Visual Studio Version 16
VisualStudioVersion = 16.0.29911.84
MinimumVisualStudioVersion = 10.0.40219.1
Project("{9A19103F-16F7-4668-BE54-9A1E7A4F7556}") = "QuickBuy.Repositorio", "QuickBuy.Repositorio\QuickBuy.Repositorio.csproj", "{193A4557-DE01-45E5-B2D2-13159637B7E4}"
EndProject
Project("{9A19103F-16F7-4668-BE54-9A1E7A4F7556}") = "QuickBuy.Web", "QuickBuy.Web\QuickBuy.Web.csproj", "{A0C0CCA7-177A-4FA9-AD25-6E30823E8FDD}"
EndProject
Project("{FAE04EC0-301F-11D3-BF4B-00C04F79EFBC}") = "QuickBuy.Dominio", "QuickBuy.Dominio\QuickBuy.Dominio.csproj", "{9DDAF654-14EC-4858-88C3-C50BFA0B4E75}"
EndProject
Global
	GlobalSection(SolutionConfigurationPlatforms) = preSolution
		Debug|Any CPU = Debug|Any CPU
		Release|Any CPU = Release|Any CPU
	EndGlobalSection
	GlobalSection(ProjectConfigurationPlatforms) = postSolution
		{193A4557-DE01-45E5-B2D2-13159637B7E4}.Debug|Any CPU.ActiveCfg = Debug|Any CPU
		{193A4557-DE01-45E5-B2D2-13159637B7E4}.Debug|Any CPU.Build.0 = Debug|Any CPU
		{193A4557-DE01-45E5-B2D2-13159637B7E4}.Release|Any CPU.ActiveCfg = Release|Any CPU
		{193A4557-DE01-45E5-B2D2-13159637B7E4}.Release|Any CPU.Build.0 = Release|Any CPU
		{A0C0CCA7-177A-4FA9-AD25-6E30823E8FDD}.Debug|Any CPU.ActiveCfg = Debug|Any CPU
		{A0C0CCA7-177A-4FA9-AD25-6E30823E8FDD}.Debug|Any CPU.Build.0 = Debug|Any CPU
		{A0C0CCA7-177A-4FA9-AD25-6E30823E8FDD}.Release|Any CPU.ActiveCfg = Release|Any CPU
		{A0C0CCA7-177A-4FA9-AD25-6E30823E8FDD}.Release|Any CPU.Build.0 = Release|Any CPU
		{9DDAF654-14EC-4858-88C3-C50BFA0B4E75}.Debug|Any CPU.ActiveCfg = Debug|Any CPU
		{9DDAF654-14EC-4858-88C3-C50BFA0B4E75}.Debug|Any CPU.Build.0 = Debug|Any CPU
		{9DDAF654-14EC-4858-88C3-C50BFA0B4E75}.Release|Any CPU.ActiveCfg = Release|Any CPU
		{9DDAF654-14EC-4858-88C3-C50BFA0B4E75}.Release|Any CPU.Build.0 = Release|Any CPU
	EndGlobalSection
	GlobalSection(SolutionProperties) = preSolution
		HideSolutionNode = FALSE
	EndGlobalSection
	GlobalSection(ExtensibilityGlobals) = postSolution
		SolutionGuid = {3765F685-8981-4E5D-AC2B-D3DCA20D4E4C}
	EndGlobalSection
EndGlobal
